
Microsoft Visual Studio Solution File, Format Version 12.00
# Visual Studio Version 16
VisualStudioVersion = 16.0.28917.182
MinimumVisualStudioVersion = 10.0.40219.1
Project("{9A19103F-16F7-4668-BE54-9A1E7A4F7556}") = "WoWsPro.Server", "WoWsPro.Server\WoWsPro.Server.csproj", "{B50DC58E-E74B-4F25-A424-3AF473B13808}"
EndProject
Project("{9A19103F-16F7-4668-BE54-9A1E7A4F7556}") = "WoWsPro.Client", "WoWsPro.Client\WoWsPro.Client.csproj", "{37059791-751D-427E-9BD6-6F98F6E22142}"
EndProject
Project("{9A19103F-16F7-4668-BE54-9A1E7A4F7556}") = "WoWsPro.Shared", "WoWsPro.Shared\WoWsPro.Shared.csproj", "{57F87E9A-245B-4877-A740-5C47F2A509F4}"
EndProject
Project("{9A19103F-16F7-4668-BE54-9A1E7A4F7556}") = "WoWsPro.Data", "WoWsPro.Data\WoWsPro.Data.csproj", "{793FAD23-DF3E-4264-AEAF-51DBB6D5CBAE}"
EndProject
Project("{9A19103F-16F7-4668-BE54-9A1E7A4F7556}") = "WoWsPro.Bot", "WoWsPro.Bot\WoWsPro.Bot.csproj", "{18D43BBA-B47C-49F8-A63A-1DD9E493EB55}"
EndProject
Project("{9A19103F-16F7-4668-BE54-9A1E7A4F7556}") = "Tests", "Tests\Tests.csproj", "{B12A2CC4-A305-4440-9F1C-607435135800}"
EndProject
Project("{FAE04EC0-301F-11D3-BF4B-00C04F79EFBC}") = "WoWsPro.Data.Authorization", "WoWsPro.Data.Authorization\WoWsPro.Data.Authorization.csproj", "{C2108611-08BF-4EE4-8B04-03ADFDEE85B2}"
EndProject
Project("{FAE04EC0-301F-11D3-BF4B-00C04F79EFBC}") = "WoWsPro.Data.Authentication", "WoWsPro.Data.Authentication\WoWsPro.Data.Authentication.csproj", "{551AF89B-26EC-4335-8510-3A34A0662788}"
EndProject
Global
	GlobalSection(SolutionConfigurationPlatforms) = preSolution
		Debug|Any CPU = Debug|Any CPU
		Release|Any CPU = Release|Any CPU
	EndGlobalSection
	GlobalSection(ProjectConfigurationPlatforms) = postSolution
		{B50DC58E-E74B-4F25-A424-3AF473B13808}.Debug|Any CPU.ActiveCfg = Debug|Any CPU
		{B50DC58E-E74B-4F25-A424-3AF473B13808}.Debug|Any CPU.Build.0 = Debug|Any CPU
		{B50DC58E-E74B-4F25-A424-3AF473B13808}.Release|Any CPU.ActiveCfg = Release|Any CPU
		{B50DC58E-E74B-4F25-A424-3AF473B13808}.Release|Any CPU.Build.0 = Release|Any CPU
		{37059791-751D-427E-9BD6-6F98F6E22142}.Debug|Any CPU.ActiveCfg = Debug|Any CPU
		{37059791-751D-427E-9BD6-6F98F6E22142}.Debug|Any CPU.Build.0 = Debug|Any CPU
		{37059791-751D-427E-9BD6-6F98F6E22142}.Release|Any CPU.ActiveCfg = Release|Any CPU
		{37059791-751D-427E-9BD6-6F98F6E22142}.Release|Any CPU.Build.0 = Release|Any CPU
		{57F87E9A-245B-4877-A740-5C47F2A509F4}.Debug|Any CPU.ActiveCfg = Debug|Any CPU
		{57F87E9A-245B-4877-A740-5C47F2A509F4}.Debug|Any CPU.Build.0 = Debug|Any CPU
		{57F87E9A-245B-4877-A740-5C47F2A509F4}.Release|Any CPU.ActiveCfg = Release|Any CPU
		{57F87E9A-245B-4877-A740-5C47F2A509F4}.Release|Any CPU.Build.0 = Release|Any CPU
		{793FAD23-DF3E-4264-AEAF-51DBB6D5CBAE}.Debug|Any CPU.ActiveCfg = Debug|Any CPU
		{793FAD23-DF3E-4264-AEAF-51DBB6D5CBAE}.Debug|Any CPU.Build.0 = Debug|Any CPU
		{793FAD23-DF3E-4264-AEAF-51DBB6D5CBAE}.Release|Any CPU.ActiveCfg = Release|Any CPU
		{793FAD23-DF3E-4264-AEAF-51DBB6D5CBAE}.Release|Any CPU.Build.0 = Release|Any CPU
		{18D43BBA-B47C-49F8-A63A-1DD9E493EB55}.Debug|Any CPU.ActiveCfg = Debug|Any CPU
		{18D43BBA-B47C-49F8-A63A-1DD9E493EB55}.Debug|Any CPU.Build.0 = Debug|Any CPU
		{18D43BBA-B47C-49F8-A63A-1DD9E493EB55}.Release|Any CPU.ActiveCfg = Release|Any CPU
		{18D43BBA-B47C-49F8-A63A-1DD9E493EB55}.Release|Any CPU.Build.0 = Release|Any CPU
		{B12A2CC4-A305-4440-9F1C-607435135800}.Debug|Any CPU.ActiveCfg = Debug|Any CPU
		{B12A2CC4-A305-4440-9F1C-607435135800}.Debug|Any CPU.Build.0 = Debug|Any CPU
		{B12A2CC4-A305-4440-9F1C-607435135800}.Release|Any CPU.ActiveCfg = Release|Any CPU
		{B12A2CC4-A305-4440-9F1C-607435135800}.Release|Any CPU.Build.0 = Release|Any CPU
		{C2108611-08BF-4EE4-8B04-03ADFDEE85B2}.Debug|Any CPU.ActiveCfg = Debug|Any CPU
		{C2108611-08BF-4EE4-8B04-03ADFDEE85B2}.Debug|Any CPU.Build.0 = Debug|Any CPU
		{C2108611-08BF-4EE4-8B04-03ADFDEE85B2}.Release|Any CPU.ActiveCfg = Release|Any CPU
		{C2108611-08BF-4EE4-8B04-03ADFDEE85B2}.Release|Any CPU.Build.0 = Release|Any CPU
		{551AF89B-26EC-4335-8510-3A34A0662788}.Debug|Any CPU.ActiveCfg = Debug|Any CPU
		{551AF89B-26EC-4335-8510-3A34A0662788}.Debug|Any CPU.Build.0 = Debug|Any CPU
		{551AF89B-26EC-4335-8510-3A34A0662788}.Release|Any CPU.ActiveCfg = Release|Any CPU
		{551AF89B-26EC-4335-8510-3A34A0662788}.Release|Any CPU.Build.0 = Release|Any CPU
	EndGlobalSection
	GlobalSection(SolutionProperties) = preSolution
		HideSolutionNode = FALSE
	EndGlobalSection
	GlobalSection(ExtensibilityGlobals) = postSolution
		SolutionGuid = {C1847F8E-75B0-4245-8FB7-12033CF90FF3}
	EndGlobalSection
EndGlobal
